
Microsoft Visual Studio Solution File, Format Version 12.00
# Visual Studio 14
VisualStudioVersion = 14.0.24720.0
MinimumVisualStudioVersion = 10.0.40219.1
Project("{FAE04EC0-301F-11D3-BF4B-00C04F79EFBC}") = "Business", "Business\Business.csproj", "{948E8298-228D-4102-9747-F58E4DF9B0A8}"
EndProject
Project("{FAE04EC0-301F-11D3-BF4B-00C04F79EFBC}") = "Data", "Data\Data.csproj", "{352E0D82-346D-417D-A1F9-A6D0AE7FAE9A}"
EndProject
Project("{FAE04EC0-301F-11D3-BF4B-00C04F79EFBC}") = "Domain", "Domain\Domain.csproj", "{0D1D539A-5187-40D9-90A3-9BEF2CF38B70}"
EndProject
Project("{FAE04EC0-301F-11D3-BF4B-00C04F79EFBC}") = "WebApi", "WebApi\WebApi.csproj", "{0E6D4205-B07A-4F1D-B659-7AC9DD646D3A}"
EndProject
Global
	GlobalSection(SolutionConfigurationPlatforms) = preSolution
		Debug|Any CPU = Debug|Any CPU
		Release|Any CPU = Release|Any CPU
	EndGlobalSection
	GlobalSection(ProjectConfigurationPlatforms) = postSolution
		{948E8298-228D-4102-9747-F58E4DF9B0A8}.Debug|Any CPU.ActiveCfg = Debug|Any CPU
		{948E8298-228D-4102-9747-F58E4DF9B0A8}.Debug|Any CPU.Build.0 = Debug|Any CPU
		{948E8298-228D-4102-9747-F58E4DF9B0A8}.Release|Any CPU.ActiveCfg = Release|Any CPU
		{948E8298-228D-4102-9747-F58E4DF9B0A8}.Release|Any CPU.Build.0 = Release|Any CPU
		{352E0D82-346D-417D-A1F9-A6D0AE7FAE9A}.Debug|Any CPU.ActiveCfg = Debug|Any CPU
		{352E0D82-346D-417D-A1F9-A6D0AE7FAE9A}.Debug|Any CPU.Build.0 = Debug|Any CPU
		{352E0D82-346D-417D-A1F9-A6D0AE7FAE9A}.Release|Any CPU.ActiveCfg = Release|Any CPU
		{352E0D82-346D-417D-A1F9-A6D0AE7FAE9A}.Release|Any CPU.Build.0 = Release|Any CPU
		{0D1D539A-5187-40D9-90A3-9BEF2CF38B70}.Debug|Any CPU.ActiveCfg = Debug|Any CPU
		{0D1D539A-5187-40D9-90A3-9BEF2CF38B70}.Debug|Any CPU.Build.0 = Debug|Any CPU
		{0D1D539A-5187-40D9-90A3-9BEF2CF38B70}.Release|Any CPU.ActiveCfg = Release|Any CPU
		{0D1D539A-5187-40D9-90A3-9BEF2CF38B70}.Release|Any CPU.Build.0 = Release|Any CPU
		{0E6D4205-B07A-4F1D-B659-7AC9DD646D3A}.Debug|Any CPU.ActiveCfg = Debug|Any CPU
		{0E6D4205-B07A-4F1D-B659-7AC9DD646D3A}.Debug|Any CPU.Build.0 = Debug|Any CPU
		{0E6D4205-B07A-4F1D-B659-7AC9DD646D3A}.Release|Any CPU.ActiveCfg = Release|Any CPU
		{0E6D4205-B07A-4F1D-B659-7AC9DD646D3A}.Release|Any CPU.Build.0 = Release|Any CPU
	EndGlobalSection
	GlobalSection(SolutionProperties) = preSolution
		HideSolutionNode = FALSE
	EndGlobalSection
EndGlobal
