
Microsoft Visual Studio Solution File, Format Version 12.00
# Visual Studio 14
VisualStudioVersion = 14.0.24720.0
MinimumVisualStudioVersion = 10.0.40219.1
Project("{FAE04EC0-301F-11D3-BF4B-00C04F79EFBC}") = "Business", "Business\Business.csproj", "{64366E24-753C-4F19-AF3E-5A96F28A33F8}"
EndProject
Project("{FAE04EC0-301F-11D3-BF4B-00C04F79EFBC}") = "Data", "Data\Data.csproj", "{2DD8CD5F-50B3-4829-80FF-564A2272052B}"
EndProject
Project("{FAE04EC0-301F-11D3-BF4B-00C04F79EFBC}") = "Domain", "Domain\Domain.csproj", "{3A754AFB-649F-477A-BAF0-78869CF7F2FB}"
EndProject
Project("{FAE04EC0-301F-11D3-BF4B-00C04F79EFBC}") = "WebApi", "WebApi\WebApi.csproj", "{963A4163-4E0A-4F6D-876D-81C99CD99E05}"
EndProject
Project("{FAE04EC0-301F-11D3-BF4B-00C04F79EFBC}") = "Business.Tests", "Business.Tests\Business.Tests.csproj", "{F4FA7229-971A-47FE-97F3-E05193C5394F}"
EndProject
Project("{FAE04EC0-301F-11D3-BF4B-00C04F79EFBC}") = "WebApi.Tests", "WebApi.Tests\WebApi.Tests.csproj", "{C65A5385-4853-4463-8018-E58626496087}"
EndProject
Project("{FAE04EC0-301F-11D3-BF4B-00C04F79EFBC}") = "Data.Tests", "Data.Tests\Data.Tests.csproj", "{B042D1CD-53CA-434A-8367-F50811EB4BC8}"
EndProject
Global
	GlobalSection(SolutionConfigurationPlatforms) = preSolution
		Debug|Any CPU = Debug|Any CPU
		Release|Any CPU = Release|Any CPU
	EndGlobalSection
	GlobalSection(ProjectConfigurationPlatforms) = postSolution
		{64366E24-753C-4F19-AF3E-5A96F28A33F8}.Debug|Any CPU.ActiveCfg = Debug|Any CPU
		{64366E24-753C-4F19-AF3E-5A96F28A33F8}.Debug|Any CPU.Build.0 = Debug|Any CPU
		{64366E24-753C-4F19-AF3E-5A96F28A33F8}.Release|Any CPU.ActiveCfg = Release|Any CPU
		{64366E24-753C-4F19-AF3E-5A96F28A33F8}.Release|Any CPU.Build.0 = Release|Any CPU
		{2DD8CD5F-50B3-4829-80FF-564A2272052B}.Debug|Any CPU.ActiveCfg = Debug|Any CPU
		{2DD8CD5F-50B3-4829-80FF-564A2272052B}.Debug|Any CPU.Build.0 = Debug|Any CPU
		{2DD8CD5F-50B3-4829-80FF-564A2272052B}.Release|Any CPU.ActiveCfg = Release|Any CPU
		{2DD8CD5F-50B3-4829-80FF-564A2272052B}.Release|Any CPU.Build.0 = Release|Any CPU
		{3A754AFB-649F-477A-BAF0-78869CF7F2FB}.Debug|Any CPU.ActiveCfg = Debug|Any CPU
		{3A754AFB-649F-477A-BAF0-78869CF7F2FB}.Debug|Any CPU.Build.0 = Debug|Any CPU
		{3A754AFB-649F-477A-BAF0-78869CF7F2FB}.Release|Any CPU.ActiveCfg = Release|Any CPU
		{3A754AFB-649F-477A-BAF0-78869CF7F2FB}.Release|Any CPU.Build.0 = Release|Any CPU
		{963A4163-4E0A-4F6D-876D-81C99CD99E05}.Debug|Any CPU.ActiveCfg = Debug|Any CPU
		{963A4163-4E0A-4F6D-876D-81C99CD99E05}.Debug|Any CPU.Build.0 = Debug|Any CPU
		{963A4163-4E0A-4F6D-876D-81C99CD99E05}.Release|Any CPU.ActiveCfg = Release|Any CPU
		{963A4163-4E0A-4F6D-876D-81C99CD99E05}.Release|Any CPU.Build.0 = Release|Any CPU
		{F4FA7229-971A-47FE-97F3-E05193C5394F}.Debug|Any CPU.ActiveCfg = Debug|Any CPU
		{F4FA7229-971A-47FE-97F3-E05193C5394F}.Debug|Any CPU.Build.0 = Debug|Any CPU
		{F4FA7229-971A-47FE-97F3-E05193C5394F}.Release|Any CPU.ActiveCfg = Release|Any CPU
		{F4FA7229-971A-47FE-97F3-E05193C5394F}.Release|Any CPU.Build.0 = Release|Any CPU
		{C65A5385-4853-4463-8018-E58626496087}.Debug|Any CPU.ActiveCfg = Debug|Any CPU
		{C65A5385-4853-4463-8018-E58626496087}.Debug|Any CPU.Build.0 = Debug|Any CPU
		{C65A5385-4853-4463-8018-E58626496087}.Release|Any CPU.ActiveCfg = Release|Any CPU
		{C65A5385-4853-4463-8018-E58626496087}.Release|Any CPU.Build.0 = Release|Any CPU
		{B042D1CD-53CA-434A-8367-F50811EB4BC8}.Debug|Any CPU.ActiveCfg = Debug|Any CPU
		{B042D1CD-53CA-434A-8367-F50811EB4BC8}.Debug|Any CPU.Build.0 = Debug|Any CPU
		{B042D1CD-53CA-434A-8367-F50811EB4BC8}.Release|Any CPU.ActiveCfg = Release|Any CPU
		{B042D1CD-53CA-434A-8367-F50811EB4BC8}.Release|Any CPU.Build.0 = Release|Any CPU
	EndGlobalSection
	GlobalSection(SolutionProperties) = preSolution
		HideSolutionNode = FALSE
	EndGlobalSection
EndGlobal
